// !$*UTF8*$!
{
	archiveVersion = 1;
	classes = {
	};
	objectVersion = 52;
	objects = {

/* Begin PBXBuildFile section */
		1819B614268B8098001CFD14 /* SettingsViewController.swift in Sources */ = {isa = PBXBuildFile; fileRef = 1819B609268B8098001CFD14 /* SettingsViewController.swift */; };
		1819B630268B8120001CFD14 /* FavouritesViewModel.swift in Sources */ = {isa = PBXBuildFile; fileRef = 1819B623268B8120001CFD14 /* FavouritesViewModel.swift */; };
		1819B638268B8120001CFD14 /* FavouritesViewController.swift in Sources */ = {isa = PBXBuildFile; fileRef = 1819B62E268B8120001CFD14 /* FavouritesViewController.swift */; };
		1819B63A268BC8EA001CFD14 /* MovieListViewCell.swift in Sources */ = {isa = PBXBuildFile; fileRef = 1819B639268BC8EA001CFD14 /* MovieListViewCell.swift */; };
		1819B63C268BCE5A001CFD14 /* MovieHeaderViewCell.xib in Resources */ = {isa = PBXBuildFile; fileRef = 1819B63B268BCE5A001CFD14 /* MovieHeaderViewCell.xib */; };
		1819B63E268BCFC4001CFD14 /* MovieHeaderViewCell.swift in Sources */ = {isa = PBXBuildFile; fileRef = 1819B63D268BCFC4001CFD14 /* MovieHeaderViewCell.swift */; };
		1819B640268BD79A001CFD14 /* UIView.swift in Sources */ = {isa = PBXBuildFile; fileRef = 1819B63F268BD79A001CFD14 /* UIView.swift */; };
		181E64F7268C26F1002BC2DB /* ActivityViewController.xib in Resources */ = {isa = PBXBuildFile; fileRef = 181E64F5268C26F1002BC2DB /* ActivityViewController.xib */; };
		181E64F8268C26F1002BC2DB /* ActivityViewController.swift in Sources */ = {isa = PBXBuildFile; fileRef = 181E64F6268C26F1002BC2DB /* ActivityViewController.swift */; };
		181E64FA268C2887002BC2DB /* UIViewController.swift in Sources */ = {isa = PBXBuildFile; fileRef = 181E64F9268C2887002BC2DB /* UIViewController.swift */; };
		181E64FF268C7B3C002BC2DB /* General.xcconfig in Resources */ = {isa = PBXBuildFile; fileRef = 181E64FD268C7B3C002BC2DB /* General.xcconfig */; };
		181E6500268C7B3C002BC2DB /* Environment.swift in Sources */ = {isa = PBXBuildFile; fileRef = 181E64FE268C7B3C002BC2DB /* Environment.swift */; };
		181E650F268C8524002BC2DB /* Response.swift in Sources */ = {isa = PBXBuildFile; fileRef = 181E6506268C8524002BC2DB /* Response.swift */; };
		181E6511268C8524002BC2DB /* MoviesResponseModel.swift in Sources */ = {isa = PBXBuildFile; fileRef = 181E6508268C8524002BC2DB /* MoviesResponseModel.swift */; };
		1870D06F268CC7CD005D3BB6 /* Array.swift in Sources */ = {isa = PBXBuildFile; fileRef = 1870D06E268CC7CD005D3BB6 /* Array.swift */; };
		1870D071268CCD6A005D3BB6 /* String.swift in Sources */ = {isa = PBXBuildFile; fileRef = 1870D070268CCD6A005D3BB6 /* String.swift */; };
		1870D074268CD037005D3BB6 /* Kingfisher in Frameworks */ = {isa = PBXBuildFile; productRef = 1870D073268CD037005D3BB6 /* Kingfisher */; };
		1870D091268CD791005D3BB6 /* MovieDetailViewModel.swift in Sources */ = {isa = PBXBuildFile; fileRef = 1870D083268CD791005D3BB6 /* MovieDetailViewModel.swift */; };
		1870D092268CD791005D3BB6 /* MovieDetailsViewModel.swift in Sources */ = {isa = PBXBuildFile; fileRef = 1870D085268CD791005D3BB6 /* MovieDetailsViewModel.swift */; };
		1870D099268CD791005D3BB6 /* MovieDetailsViewController.swift in Sources */ = {isa = PBXBuildFile; fileRef = 1870D08F268CD791005D3BB6 /* MovieDetailsViewController.swift */; };
		1870D09D268CDBE9005D3BB6 /* MovieDetailViewModelBuilder.swift in Sources */ = {isa = PBXBuildFile; fileRef = 1870D09C268CDBE9005D3BB6 /* MovieDetailViewModelBuilder.swift */; };
		1870D0AE268CFBE4005D3BB6 /* DetailResponse.swift in Sources */ = {isa = PBXBuildFile; fileRef = 1870D0A3268CFBE4005D3BB6 /* DetailResponse.swift */; };
		1870D0B0268CFBE4005D3BB6 /* MovieDetailsResponseModel.swift in Sources */ = {isa = PBXBuildFile; fileRef = 1870D0A5268CFBE4005D3BB6 /* MovieDetailsResponseModel.swift */; };
		1870D0B6268D0E7F005D3BB6 /* DataManager.swift in Sources */ = {isa = PBXBuildFile; fileRef = 1870D0B5268D0E7F005D3BB6 /* DataManager.swift */; };
		1870D0B8268D1783005D3BB6 /* LogManager.swift in Sources */ = {isa = PBXBuildFile; fileRef = 1870D0B7268D1783005D3BB6 /* LogManager.swift */; };
		1870D0BC268D1901005D3BB6 /* MovieListViewCell.xib in Resources */ = {isa = PBXBuildFile; fileRef = 1870D0BB268D1901005D3BB6 /* MovieListViewCell.xib */; };
		1870D0BF268D4E9E005D3BB6 /* Cosmos in Frameworks */ = {isa = PBXBuildFile; productRef = 1870D0BE268D4E9E005D3BB6 /* Cosmos */; };
		18CCD525268B05AB0075C184 /* AppDelegate.swift in Sources */ = {isa = PBXBuildFile; fileRef = 18CCD524268B05AB0075C184 /* AppDelegate.swift */; };
		18CCD527268B05AB0075C184 /* SceneDelegate.swift in Sources */ = {isa = PBXBuildFile; fileRef = 18CCD526268B05AB0075C184 /* SceneDelegate.swift */; };
		18CCD52E268B05AB0075C184 /* Assets.xcassets in Resources */ = {isa = PBXBuildFile; fileRef = 18CCD52D268B05AB0075C184 /* Assets.xcassets */; };
		18CCD531268B05AB0075C184 /* LaunchScreen.storyboard in Resources */ = {isa = PBXBuildFile; fileRef = 18CCD52F268B05AB0075C184 /* LaunchScreen.storyboard */; };
		18CCD53C268B05AB0075C184 /* MovieSharing_iOSTests.swift in Sources */ = {isa = PBXBuildFile; fileRef = 18CCD53B268B05AB0075C184 /* MovieSharing_iOSTests.swift */; };
		18CCD547268B05AC0075C184 /* MovieSharing_iOSUITests.swift in Sources */ = {isa = PBXBuildFile; fileRef = 18CCD546268B05AC0075C184 /* MovieSharing_iOSUITests.swift */; };
		18CCD590268B08020075C184 /* MoviesViewModel.swift in Sources */ = {isa = PBXBuildFile; fileRef = 18CCD582268B08020075C184 /* MoviesViewModel.swift */; };
		18CCD591268B08020075C184 /* MoviesUseCase.swift in Sources */ = {isa = PBXBuildFile; fileRef = 18CCD584268B08020075C184 /* MoviesUseCase.swift */; };
		18CCD592268B08020075C184 /* MoviesViewController.swift in Sources */ = {isa = PBXBuildFile; fileRef = 18CCD586268B08020075C184 /* MoviesViewController.swift */; };
		18CCD593268B08020075C184 /* Main.storyboard in Resources */ = {isa = PBXBuildFile; fileRef = 18CCD587268B08020075C184 /* Main.storyboard */; };
		18CCD595268B08020075C184 /* Publisher.swift in Sources */ = {isa = PBXBuildFile; fileRef = 18CCD58B268B08020075C184 /* Publisher.swift */; };
		18CCD596268B08020075C184 /* APIClient.swift in Sources */ = {isa = PBXBuildFile; fileRef = 18CCD58C268B08020075C184 /* APIClient.swift */; };
		18CCD597268B08020075C184 /* NetworkResponse.swift in Sources */ = {isa = PBXBuildFile; fileRef = 18CCD58D268B08020075C184 /* NetworkResponse.swift */; };
		18CCD598268B08020075C184 /* Request.swift in Sources */ = {isa = PBXBuildFile; fileRef = 18CCD58E268B08020075C184 /* Request.swift */; };
		18CCD599268B08020075C184 /* Schedular.swift in Sources */ = {isa = PBXBuildFile; fileRef = 18CCD58F268B08020075C184 /* Schedular.swift */; };
		18CCD5A1268B11EC0075C184 /* MovieViewModel.swift in Sources */ = {isa = PBXBuildFile; fileRef = 18CCD5A0268B11EC0075C184 /* MovieViewModel.swift */; };
		18CCD5A3268B12AF0075C184 /* MovieCollectionViewCell.swift in Sources */ = {isa = PBXBuildFile; fileRef = 18CCD5A2268B12AF0075C184 /* MovieCollectionViewCell.swift */; };
		18CCD5A5268B13A40075C184 /* UICollectionView.swift in Sources */ = {isa = PBXBuildFile; fileRef = 18CCD5A4268B13A40075C184 /* UICollectionView.swift */; };
		18CCD5A8268B14390075C184 /* Reusable.swift in Sources */ = {isa = PBXBuildFile; fileRef = 18CCD5A7268B14390075C184 /* Reusable.swift */; };
		18CCD5AB268B176E0075C184 /* MovieViewModelBuilder.swift in Sources */ = {isa = PBXBuildFile; fileRef = 18CCD5AA268B176E0075C184 /* MovieViewModelBuilder.swift */; };
		18CCD5AF268B1A010075C184 /* Constants.swift in Sources */ = {isa = PBXBuildFile; fileRef = 18CCD5AE268B1A010075C184 /* Constants.swift */; };
		18CCD5B4268B22A50075C184 /* MovieTableViewCell.swift in Sources */ = {isa = PBXBuildFile; fileRef = 18CCD5B3268B22A50075C184 /* MovieTableViewCell.swift */; };
		18CCD5B6268B231E0075C184 /* UITableView.swift in Sources */ = {isa = PBXBuildFile; fileRef = 18CCD5B5268B231E0075C184 /* UITableView.swift */; };
/* End PBXBuildFile section */

/* Begin PBXContainerItemProxy section */
		18CCD538268B05AB0075C184 /* PBXContainerItemProxy */ = {
			isa = PBXContainerItemProxy;
			containerPortal = 18CCD519268B05AB0075C184 /* Project object */;
			proxyType = 1;
			remoteGlobalIDString = 18CCD520268B05AB0075C184;
			remoteInfo = "MovieSharing-iOS";
		};
		18CCD543268B05AC0075C184 /* PBXContainerItemProxy */ = {
			isa = PBXContainerItemProxy;
			containerPortal = 18CCD519268B05AB0075C184 /* Project object */;
			proxyType = 1;
			remoteGlobalIDString = 18CCD520268B05AB0075C184;
			remoteInfo = "MovieSharing-iOS";
		};
/* End PBXContainerItemProxy section */

/* Begin PBXFileReference section */
		1819B609268B8098001CFD14 /* SettingsViewController.swift */ = {isa = PBXFileReference; fileEncoding = 4; lastKnownFileType = sourcecode.swift; path = SettingsViewController.swift; sourceTree = "<group>"; };
		1819B623268B8120001CFD14 /* FavouritesViewModel.swift */ = {isa = PBXFileReference; fileEncoding = 4; lastKnownFileType = sourcecode.swift; path = FavouritesViewModel.swift; sourceTree = "<group>"; };
		1819B62E268B8120001CFD14 /* FavouritesViewController.swift */ = {isa = PBXFileReference; fileEncoding = 4; lastKnownFileType = sourcecode.swift; path = FavouritesViewController.swift; sourceTree = "<group>"; };
		1819B639268BC8EA001CFD14 /* MovieListViewCell.swift */ = {isa = PBXFileReference; lastKnownFileType = sourcecode.swift; path = MovieListViewCell.swift; sourceTree = "<group>"; };
		1819B63B268BCE5A001CFD14 /* MovieHeaderViewCell.xib */ = {isa = PBXFileReference; fileEncoding = 4; lastKnownFileType = file.xib; path = MovieHeaderViewCell.xib; sourceTree = "<group>"; };
		1819B63D268BCFC4001CFD14 /* MovieHeaderViewCell.swift */ = {isa = PBXFileReference; lastKnownFileType = sourcecode.swift; path = MovieHeaderViewCell.swift; sourceTree = "<group>"; };
		1819B63F268BD79A001CFD14 /* UIView.swift */ = {isa = PBXFileReference; lastKnownFileType = sourcecode.swift; path = UIView.swift; sourceTree = "<group>"; };
		181E64F5268C26F1002BC2DB /* ActivityViewController.xib */ = {isa = PBXFileReference; fileEncoding = 4; lastKnownFileType = file.xib; path = ActivityViewController.xib; sourceTree = "<group>"; };
		181E64F6268C26F1002BC2DB /* ActivityViewController.swift */ = {isa = PBXFileReference; fileEncoding = 4; lastKnownFileType = sourcecode.swift; path = ActivityViewController.swift; sourceTree = "<group>"; };
		181E64F9268C2887002BC2DB /* UIViewController.swift */ = {isa = PBXFileReference; lastKnownFileType = sourcecode.swift; path = UIViewController.swift; sourceTree = "<group>"; };
		181E64FD268C7B3C002BC2DB /* General.xcconfig */ = {isa = PBXFileReference; fileEncoding = 4; lastKnownFileType = text.xcconfig; path = General.xcconfig; sourceTree = "<group>"; };
		181E64FE268C7B3C002BC2DB /* Environment.swift */ = {isa = PBXFileReference; fileEncoding = 4; lastKnownFileType = sourcecode.swift; path = Environment.swift; sourceTree = "<group>"; };
		181E6506268C8524002BC2DB /* Response.swift */ = {isa = PBXFileReference; fileEncoding = 4; lastKnownFileType = sourcecode.swift; path = Response.swift; sourceTree = "<group>"; };
		181E6508268C8524002BC2DB /* MoviesResponseModel.swift */ = {isa = PBXFileReference; fileEncoding = 4; lastKnownFileType = sourcecode.swift; path = MoviesResponseModel.swift; sourceTree = "<group>"; };
		1870D06E268CC7CD005D3BB6 /* Array.swift */ = {isa = PBXFileReference; lastKnownFileType = sourcecode.swift; path = Array.swift; sourceTree = "<group>"; };
		1870D070268CCD6A005D3BB6 /* String.swift */ = {isa = PBXFileReference; lastKnownFileType = sourcecode.swift; path = String.swift; sourceTree = "<group>"; };
		1870D083268CD791005D3BB6 /* MovieDetailViewModel.swift */ = {isa = PBXFileReference; fileEncoding = 4; lastKnownFileType = sourcecode.swift; path = MovieDetailViewModel.swift; sourceTree = "<group>"; };
		1870D085268CD791005D3BB6 /* MovieDetailsViewModel.swift */ = {isa = PBXFileReference; fileEncoding = 4; lastKnownFileType = sourcecode.swift; path = MovieDetailsViewModel.swift; sourceTree = "<group>"; };
		1870D08F268CD791005D3BB6 /* MovieDetailsViewController.swift */ = {isa = PBXFileReference; fileEncoding = 4; lastKnownFileType = sourcecode.swift; path = MovieDetailsViewController.swift; sourceTree = "<group>"; };
		1870D09C268CDBE9005D3BB6 /* MovieDetailViewModelBuilder.swift */ = {isa = PBXFileReference; lastKnownFileType = sourcecode.swift; path = MovieDetailViewModelBuilder.swift; sourceTree = "<group>"; };
		1870D0A3268CFBE4005D3BB6 /* DetailResponse.swift */ = {isa = PBXFileReference; fileEncoding = 4; lastKnownFileType = sourcecode.swift; path = DetailResponse.swift; sourceTree = "<group>"; };
		1870D0A5268CFBE4005D3BB6 /* MovieDetailsResponseModel.swift */ = {isa = PBXFileReference; fileEncoding = 4; lastKnownFileType = sourcecode.swift; path = MovieDetailsResponseModel.swift; sourceTree = "<group>"; };
		1870D0B5268D0E7F005D3BB6 /* DataManager.swift */ = {isa = PBXFileReference; lastKnownFileType = sourcecode.swift; path = DataManager.swift; sourceTree = "<group>"; };
		1870D0B7268D1783005D3BB6 /* LogManager.swift */ = {isa = PBXFileReference; fileEncoding = 4; lastKnownFileType = sourcecode.swift; path = LogManager.swift; sourceTree = "<group>"; };
		1870D0BB268D1901005D3BB6 /* MovieListViewCell.xib */ = {isa = PBXFileReference; fileEncoding = 4; lastKnownFileType = file.xib; path = MovieListViewCell.xib; sourceTree = "<group>"; };
		18CCD521268B05AB0075C184 /* MovieSharing-iOS.app */ = {isa = PBXFileReference; explicitFileType = wrapper.application; includeInIndex = 0; path = "MovieSharing-iOS.app"; sourceTree = BUILT_PRODUCTS_DIR; };
		18CCD524268B05AB0075C184 /* AppDelegate.swift */ = {isa = PBXFileReference; lastKnownFileType = sourcecode.swift; path = AppDelegate.swift; sourceTree = "<group>"; };
		18CCD526268B05AB0075C184 /* SceneDelegate.swift */ = {isa = PBXFileReference; lastKnownFileType = sourcecode.swift; path = SceneDelegate.swift; sourceTree = "<group>"; };
		18CCD52D268B05AB0075C184 /* Assets.xcassets */ = {isa = PBXFileReference; lastKnownFileType = folder.assetcatalog; path = Assets.xcassets; sourceTree = "<group>"; };
		18CCD530268B05AB0075C184 /* Base */ = {isa = PBXFileReference; lastKnownFileType = file.storyboard; name = Base; path = Base.lproj/LaunchScreen.storyboard; sourceTree = "<group>"; };
		18CCD532268B05AB0075C184 /* Info.plist */ = {isa = PBXFileReference; lastKnownFileType = text.plist.xml; path = Info.plist; sourceTree = "<group>"; };
		18CCD537268B05AB0075C184 /* MovieSharing-iOSTests.xctest */ = {isa = PBXFileReference; explicitFileType = wrapper.cfbundle; includeInIndex = 0; path = "MovieSharing-iOSTests.xctest"; sourceTree = BUILT_PRODUCTS_DIR; };
		18CCD53B268B05AB0075C184 /* MovieSharing_iOSTests.swift */ = {isa = PBXFileReference; lastKnownFileType = sourcecode.swift; path = MovieSharing_iOSTests.swift; sourceTree = "<group>"; };
		18CCD53D268B05AB0075C184 /* Info.plist */ = {isa = PBXFileReference; lastKnownFileType = text.plist.xml; path = Info.plist; sourceTree = "<group>"; };
		18CCD542268B05AC0075C184 /* MovieSharing-iOSUITests.xctest */ = {isa = PBXFileReference; explicitFileType = wrapper.cfbundle; includeInIndex = 0; path = "MovieSharing-iOSUITests.xctest"; sourceTree = BUILT_PRODUCTS_DIR; };
		18CCD546268B05AC0075C184 /* MovieSharing_iOSUITests.swift */ = {isa = PBXFileReference; lastKnownFileType = sourcecode.swift; path = MovieSharing_iOSUITests.swift; sourceTree = "<group>"; };
		18CCD548268B05AC0075C184 /* Info.plist */ = {isa = PBXFileReference; lastKnownFileType = text.plist.xml; path = Info.plist; sourceTree = "<group>"; };
		18CCD582268B08020075C184 /* MoviesViewModel.swift */ = {isa = PBXFileReference; fileEncoding = 4; lastKnownFileType = sourcecode.swift; path = MoviesViewModel.swift; sourceTree = "<group>"; };
		18CCD584268B08020075C184 /* MoviesUseCase.swift */ = {isa = PBXFileReference; fileEncoding = 4; lastKnownFileType = sourcecode.swift; path = MoviesUseCase.swift; sourceTree = "<group>"; };
		18CCD586268B08020075C184 /* MoviesViewController.swift */ = {isa = PBXFileReference; fileEncoding = 4; lastKnownFileType = sourcecode.swift; path = MoviesViewController.swift; sourceTree = "<group>"; };
		18CCD587268B08020075C184 /* Main.storyboard */ = {isa = PBXFileReference; fileEncoding = 4; lastKnownFileType = file.storyboard; path = Main.storyboard; sourceTree = "<group>"; };
		18CCD58B268B08020075C184 /* Publisher.swift */ = {isa = PBXFileReference; fileEncoding = 4; lastKnownFileType = sourcecode.swift; path = Publisher.swift; sourceTree = "<group>"; };
		18CCD58C268B08020075C184 /* APIClient.swift */ = {isa = PBXFileReference; fileEncoding = 4; lastKnownFileType = sourcecode.swift; path = APIClient.swift; sourceTree = "<group>"; };
		18CCD58D268B08020075C184 /* NetworkResponse.swift */ = {isa = PBXFileReference; fileEncoding = 4; lastKnownFileType = sourcecode.swift; path = NetworkResponse.swift; sourceTree = "<group>"; };
		18CCD58E268B08020075C184 /* Request.swift */ = {isa = PBXFileReference; fileEncoding = 4; lastKnownFileType = sourcecode.swift; path = Request.swift; sourceTree = "<group>"; };
		18CCD58F268B08020075C184 /* Schedular.swift */ = {isa = PBXFileReference; fileEncoding = 4; lastKnownFileType = sourcecode.swift; path = Schedular.swift; sourceTree = "<group>"; };
		18CCD5A0268B11EC0075C184 /* MovieViewModel.swift */ = {isa = PBXFileReference; lastKnownFileType = sourcecode.swift; path = MovieViewModel.swift; sourceTree = "<group>"; };
		18CCD5A2268B12AF0075C184 /* MovieCollectionViewCell.swift */ = {isa = PBXFileReference; lastKnownFileType = sourcecode.swift; path = MovieCollectionViewCell.swift; sourceTree = "<group>"; };
		18CCD5A4268B13A40075C184 /* UICollectionView.swift */ = {isa = PBXFileReference; lastKnownFileType = sourcecode.swift; path = UICollectionView.swift; sourceTree = "<group>"; };
		18CCD5A7268B14390075C184 /* Reusable.swift */ = {isa = PBXFileReference; lastKnownFileType = sourcecode.swift; path = Reusable.swift; sourceTree = "<group>"; };
		18CCD5AA268B176E0075C184 /* MovieViewModelBuilder.swift */ = {isa = PBXFileReference; lastKnownFileType = sourcecode.swift; path = MovieViewModelBuilder.swift; sourceTree = "<group>"; };
		18CCD5AE268B1A010075C184 /* Constants.swift */ = {isa = PBXFileReference; lastKnownFileType = sourcecode.swift; path = Constants.swift; sourceTree = "<group>"; };
		18CCD5B3268B22A50075C184 /* MovieTableViewCell.swift */ = {isa = PBXFileReference; lastKnownFileType = sourcecode.swift; path = MovieTableViewCell.swift; sourceTree = "<group>"; };
		18CCD5B5268B231E0075C184 /* UITableView.swift */ = {isa = PBXFileReference; lastKnownFileType = sourcecode.swift; path = UITableView.swift; sourceTree = "<group>"; };
/* End PBXFileReference section */

/* Begin PBXFrameworksBuildPhase section */
		18CCD51E268B05AB0075C184 /* Frameworks */ = {
			isa = PBXFrameworksBuildPhase;
			buildActionMask = 2147483647;
			files = (
				1870D0BF268D4E9E005D3BB6 /* Cosmos in Frameworks */,
				1870D074268CD037005D3BB6 /* Kingfisher in Frameworks */,
			);
			runOnlyForDeploymentPostprocessing = 0;
		};
		18CCD534268B05AB0075C184 /* Frameworks */ = {
			isa = PBXFrameworksBuildPhase;
			buildActionMask = 2147483647;
			files = (
			);
			runOnlyForDeploymentPostprocessing = 0;
		};
		18CCD53F268B05AC0075C184 /* Frameworks */ = {
			isa = PBXFrameworksBuildPhase;
			buildActionMask = 2147483647;
			files = (
			);
			runOnlyForDeploymentPostprocessing = 0;
		};
/* End PBXFrameworksBuildPhase section */

/* Begin PBXGroup section */
		1819B5F1268B8041001CFD14 /* Favourites */ = {
			isa = PBXGroup;
			children = (
				1819B62C268B8120001CFD14 /* View */,
				1819B622268B8120001CFD14 /* ViewModel */,
			);
			path = Favourites;
			sourceTree = "<group>";
		};
		1819B5F2268B804D001CFD14 /* Settings */ = {
			isa = PBXGroup;
			children = (
				1819B607268B8098001CFD14 /* View */,
			);
			path = Settings;
			sourceTree = "<group>";
		};
		1819B607268B8098001CFD14 /* View */ = {
			isa = PBXGroup;
			children = (
				1819B609268B8098001CFD14 /* SettingsViewController.swift */,
			);
			path = View;
			sourceTree = "<group>";
		};
		1819B622268B8120001CFD14 /* ViewModel */ = {
			isa = PBXGroup;
			children = (
				1819B623268B8120001CFD14 /* FavouritesViewModel.swift */,
			);
			path = ViewModel;
			sourceTree = "<group>";
		};
		1819B62C268B8120001CFD14 /* View */ = {
			isa = PBXGroup;
			children = (
				1819B62E268B8120001CFD14 /* FavouritesViewController.swift */,
			);
			path = View;
			sourceTree = "<group>";
		};
		181E64F4268C26AF002BC2DB /* ActivityScreen */ = {
			isa = PBXGroup;
			children = (
				181E64F6268C26F1002BC2DB /* ActivityViewController.swift */,
				181E64F5268C26F1002BC2DB /* ActivityViewController.xib */,
			);
			path = ActivityScreen;
			sourceTree = "<group>";
		};
		181E6501268C8517002BC2DB /* Response */ = {
			isa = PBXGroup;
			children = (
				181E6506268C8524002BC2DB /* Response.swift */,
				181E6508268C8524002BC2DB /* MoviesResponseModel.swift */,
			);
			path = Response;
			sourceTree = "<group>";
		};
		1870D075268CD768005D3BB6 /* Details */ = {
			isa = PBXGroup;
			children = (
				1870D09B268CDBD3005D3BB6 /* Builder */,
				1870D082268CD791005D3BB6 /* Model */,
				1870D08E268CD791005D3BB6 /* View */,
				1870D084268CD791005D3BB6 /* ViewModel */,
			);
			path = Details;
			sourceTree = "<group>";
		};
		1870D082268CD791005D3BB6 /* Model */ = {
			isa = PBXGroup;
			children = (
				1870D09E268CFBD7005D3BB6 /* Response */,
				1870D083268CD791005D3BB6 /* MovieDetailViewModel.swift */,
			);
			path = Model;
			sourceTree = "<group>";
		};
		1870D084268CD791005D3BB6 /* ViewModel */ = {
			isa = PBXGroup;
			children = (
				1870D085268CD791005D3BB6 /* MovieDetailsViewModel.swift */,
			);
			path = ViewModel;
			sourceTree = "<group>";
		};
		1870D08E268CD791005D3BB6 /* View */ = {
			isa = PBXGroup;
			children = (
				1870D08F268CD791005D3BB6 /* MovieDetailsViewController.swift */,
			);
			path = View;
			sourceTree = "<group>";
		};
		1870D09B268CDBD3005D3BB6 /* Builder */ = {
			isa = PBXGroup;
			children = (
				1870D09C268CDBE9005D3BB6 /* MovieDetailViewModelBuilder.swift */,
			);
			path = Builder;
			sourceTree = "<group>";
		};
		1870D09E268CFBD7005D3BB6 /* Response */ = {
			isa = PBXGroup;
			children = (
				1870D0A3268CFBE4005D3BB6 /* DetailResponse.swift */,
				1870D0A5268CFBE4005D3BB6 /* MovieDetailsResponseModel.swift */,
			);
			path = Response;
			sourceTree = "<group>";
		};
		18CCD518268B05AB0075C184 = {
			isa = PBXGroup;
			children = (
				18CCD523268B05AB0075C184 /* MovieSharing-iOS */,
				18CCD53A268B05AB0075C184 /* MovieSharing-iOSTests */,
				18CCD545268B05AC0075C184 /* MovieSharing-iOSUITests */,
				18CCD522268B05AB0075C184 /* Products */,
			);
			sourceTree = "<group>";
		};
		18CCD522268B05AB0075C184 /* Products */ = {
			isa = PBXGroup;
			children = (
				18CCD521268B05AB0075C184 /* MovieSharing-iOS.app */,
				18CCD537268B05AB0075C184 /* MovieSharing-iOSTests.xctest */,
				18CCD542268B05AC0075C184 /* MovieSharing-iOSUITests.xctest */,
			);
			name = Products;
			sourceTree = "<group>";
		};
		18CCD523268B05AB0075C184 /* MovieSharing-iOS */ = {
			isa = PBXGroup;
			children = (
				18CCD59C268B0CE60075C184 /* Environment */,
				18CCD557268B07540075C184 /* Common */,
				18CCD556268B05E40075C184 /* Features */,
				18CCD555268B05D00075C184 /* Resources */,
				18CCD554268B05B40075C184 /* Application */,
			);
			path = "MovieSharing-iOS";
			sourceTree = "<group>";
		};
		18CCD53A268B05AB0075C184 /* MovieSharing-iOSTests */ = {
			isa = PBXGroup;
			children = (
				18CCD53B268B05AB0075C184 /* MovieSharing_iOSTests.swift */,
				18CCD53D268B05AB0075C184 /* Info.plist */,
			);
			path = "MovieSharing-iOSTests";
			sourceTree = "<group>";
		};
		18CCD545268B05AC0075C184 /* MovieSharing-iOSUITests */ = {
			isa = PBXGroup;
			children = (
				18CCD546268B05AC0075C184 /* MovieSharing_iOSUITests.swift */,
				18CCD548268B05AC0075C184 /* Info.plist */,
			);
			path = "MovieSharing-iOSUITests";
			sourceTree = "<group>";
		};
		18CCD554268B05B40075C184 /* Application */ = {
			isa = PBXGroup;
			children = (
				18CCD526268B05AB0075C184 /* SceneDelegate.swift */,
				18CCD524268B05AB0075C184 /* AppDelegate.swift */,
			);
			path = Application;
			sourceTree = "<group>";
		};
		18CCD555268B05D00075C184 /* Resources */ = {
			isa = PBXGroup;
			children = (
				18CCD52F268B05AB0075C184 /* LaunchScreen.storyboard */,
				18CCD532268B05AB0075C184 /* Info.plist */,
				18CCD52D268B05AB0075C184 /* Assets.xcassets */,
			);
			path = Resources;
			sourceTree = "<group>";
		};
		18CCD556268B05E40075C184 /* Features */ = {
			isa = PBXGroup;
			children = (
				1870D075268CD768005D3BB6 /* Details */,
				18CCD587268B08020075C184 /* Main.storyboard */,
				1819B5F2268B804D001CFD14 /* Settings */,
				1819B5F1268B8041001CFD14 /* Favourites */,
				18CCD562268B07BE0075C184 /* Movies */,
			);
			path = Features;
			sourceTree = "<group>";
		};
		18CCD557268B07540075C184 /* Common */ = {
			isa = PBXGroup;
			children = (
				181E64F4268C26AF002BC2DB /* ActivityScreen */,
				18CCD5B0268B1B5D0075C184 /* Managers */,
				18CCD5A6268B142C0075C184 /* Utils */,
				18CCD59B268B081B0075C184 /* Extensions */,
				18CCD59A268B080A0075C184 /* Networking */,
			);
			path = Common;
			sourceTree = "<group>";
		};
		18CCD562268B07BE0075C184 /* Movies */ = {
			isa = PBXGroup;
			children = (
				18CCD5A9268B17640075C184 /* Builder */,
				18CCD588268B08020075C184 /* Model */,
				18CCD583268B08020075C184 /* UseCase */,
				18CCD585268B08020075C184 /* View */,
				18CCD581268B08020075C184 /* ViewModel */,
			);
			path = Movies;
			sourceTree = "<group>";
		};
		18CCD581268B08020075C184 /* ViewModel */ = {
			isa = PBXGroup;
			children = (
				18CCD582268B08020075C184 /* MoviesViewModel.swift */,
			);
			path = ViewModel;
			sourceTree = "<group>";
		};
		18CCD583268B08020075C184 /* UseCase */ = {
			isa = PBXGroup;
			children = (
				18CCD584268B08020075C184 /* MoviesUseCase.swift */,
			);
			path = UseCase;
			sourceTree = "<group>";
		};
		18CCD585268B08020075C184 /* View */ = {
			isa = PBXGroup;
			children = (
				18CCD59D268B0CF90075C184 /* Cell */,
				18CCD586268B08020075C184 /* MoviesViewController.swift */,
			);
			path = View;
			sourceTree = "<group>";
		};
		18CCD588268B08020075C184 /* Model */ = {
			isa = PBXGroup;
			children = (
				181E6501268C8517002BC2DB /* Response */,
				18CCD5A0268B11EC0075C184 /* MovieViewModel.swift */,
			);
			path = Model;
			sourceTree = "<group>";
		};
		18CCD59A268B080A0075C184 /* Networking */ = {
			isa = PBXGroup;
			children = (
				18CCD58F268B08020075C184 /* Schedular.swift */,
				18CCD58C268B08020075C184 /* APIClient.swift */,
				18CCD58D268B08020075C184 /* NetworkResponse.swift */,
				18CCD58E268B08020075C184 /* Request.swift */,
			);
			path = Networking;
			sourceTree = "<group>";
		};
		18CCD59B268B081B0075C184 /* Extensions */ = {
			isa = PBXGroup;
			children = (
				18CCD58B268B08020075C184 /* Publisher.swift */,
				18CCD5A4268B13A40075C184 /* UICollectionView.swift */,
				18CCD5B5268B231E0075C184 /* UITableView.swift */,
				1819B63F268BD79A001CFD14 /* UIView.swift */,
				181E64F9268C2887002BC2DB /* UIViewController.swift */,
				1870D06E268CC7CD005D3BB6 /* Array.swift */,
				1870D070268CCD6A005D3BB6 /* String.swift */,
			);
			path = Extensions;
			sourceTree = "<group>";
		};
		18CCD59C268B0CE60075C184 /* Environment */ = {
			isa = PBXGroup;
			children = (
				181E64FE268C7B3C002BC2DB /* Environment.swift */,
				181E64FD268C7B3C002BC2DB /* General.xcconfig */,
			);
			path = Environment;
			sourceTree = "<group>";
		};
		18CCD59D268B0CF90075C184 /* Cell */ = {
			isa = PBXGroup;
			children = (
				1870D0BB268D1901005D3BB6 /* MovieListViewCell.xib */,
				1819B63B268BCE5A001CFD14 /* MovieHeaderViewCell.xib */,
				18CCD5A2268B12AF0075C184 /* MovieCollectionViewCell.swift */,
				18CCD5B3268B22A50075C184 /* MovieTableViewCell.swift */,
				1819B639268BC8EA001CFD14 /* MovieListViewCell.swift */,
				1819B63D268BCFC4001CFD14 /* MovieHeaderViewCell.swift */,
			);
			path = Cell;
			sourceTree = "<group>";
		};
		18CCD5A6268B142C0075C184 /* Utils */ = {
			isa = PBXGroup;
			children = (
				18CCD5A7268B14390075C184 /* Reusable.swift */,
				18CCD5AE268B1A010075C184 /* Constants.swift */,
			);
			path = Utils;
			sourceTree = "<group>";
		};
		18CCD5A9268B17640075C184 /* Builder */ = {
			isa = PBXGroup;
			children = (
				18CCD5AA268B176E0075C184 /* MovieViewModelBuilder.swift */,
			);
			path = Builder;
			sourceTree = "<group>";
		};
		18CCD5B0268B1B5D0075C184 /* Managers */ = {
			isa = PBXGroup;
			children = (
				1870D0B7268D1783005D3BB6 /* LogManager.swift */,
				1870D0B5268D0E7F005D3BB6 /* DataManager.swift */,
			);
			path = Managers;
			sourceTree = "<group>";
		};
/* End PBXGroup section */

/* Begin PBXNativeTarget section */
		18CCD520268B05AB0075C184 /* MovieSharing-iOS */ = {
			isa = PBXNativeTarget;
			buildConfigurationList = 18CCD54B268B05AC0075C184 /* Build configuration list for PBXNativeTarget "MovieSharing-iOS" */;
			buildPhases = (
				18CCD51D268B05AB0075C184 /* Sources */,
				18CCD51E268B05AB0075C184 /* Frameworks */,
				18CCD51F268B05AB0075C184 /* Resources */,
			);
			buildRules = (
			);
			dependencies = (
			);
			name = "MovieSharing-iOS";
			packageProductDependencies = (
				1870D073268CD037005D3BB6 /* Kingfisher */,
				1870D0BE268D4E9E005D3BB6 /* Cosmos */,
			);
			productName = "MovieSharing-iOS";
			productReference = 18CCD521268B05AB0075C184 /* MovieSharing-iOS.app */;
			productType = "com.apple.product-type.application";
		};
		18CCD536268B05AB0075C184 /* MovieSharing-iOSTests */ = {
			isa = PBXNativeTarget;
			buildConfigurationList = 18CCD54E268B05AC0075C184 /* Build configuration list for PBXNativeTarget "MovieSharing-iOSTests" */;
			buildPhases = (
				18CCD533268B05AB0075C184 /* Sources */,
				18CCD534268B05AB0075C184 /* Frameworks */,
				18CCD535268B05AB0075C184 /* Resources */,
			);
			buildRules = (
			);
			dependencies = (
				18CCD539268B05AB0075C184 /* PBXTargetDependency */,
			);
			name = "MovieSharing-iOSTests";
			productName = "MovieSharing-iOSTests";
			productReference = 18CCD537268B05AB0075C184 /* MovieSharing-iOSTests.xctest */;
			productType = "com.apple.product-type.bundle.unit-test";
		};
		18CCD541268B05AC0075C184 /* MovieSharing-iOSUITests */ = {
			isa = PBXNativeTarget;
			buildConfigurationList = 18CCD551268B05AC0075C184 /* Build configuration list for PBXNativeTarget "MovieSharing-iOSUITests" */;
			buildPhases = (
				18CCD53E268B05AC0075C184 /* Sources */,
				18CCD53F268B05AC0075C184 /* Frameworks */,
				18CCD540268B05AC0075C184 /* Resources */,
			);
			buildRules = (
			);
			dependencies = (
				18CCD544268B05AC0075C184 /* PBXTargetDependency */,
			);
			name = "MovieSharing-iOSUITests";
			productName = "MovieSharing-iOSUITests";
			productReference = 18CCD542268B05AC0075C184 /* MovieSharing-iOSUITests.xctest */;
			productType = "com.apple.product-type.bundle.ui-testing";
		};
/* End PBXNativeTarget section */

/* Begin PBXProject section */
		18CCD519268B05AB0075C184 /* Project object */ = {
			isa = PBXProject;
			attributes = {
				LastSwiftUpdateCheck = 1250;
				LastUpgradeCheck = 1250;
				TargetAttributes = {
					18CCD520268B05AB0075C184 = {
						CreatedOnToolsVersion = 12.5.1;
					};
					18CCD536268B05AB0075C184 = {
						CreatedOnToolsVersion = 12.5.1;
						TestTargetID = 18CCD520268B05AB0075C184;
					};
					18CCD541268B05AC0075C184 = {
						CreatedOnToolsVersion = 12.5.1;
						TestTargetID = 18CCD520268B05AB0075C184;
					};
				};
			};
			buildConfigurationList = 18CCD51C268B05AB0075C184 /* Build configuration list for PBXProject "MovieSharing-iOS" */;
			compatibilityVersion = "Xcode 9.3";
			developmentRegion = en;
			hasScannedForEncodings = 0;
			knownRegions = (
				en,
				Base,
			);
			mainGroup = 18CCD518268B05AB0075C184;
			packageReferences = (
				1870D072268CD037005D3BB6 /* XCRemoteSwiftPackageReference "Kingfisher" */,
				1870D0BD268D4E9E005D3BB6 /* XCRemoteSwiftPackageReference "Cosmos" */,
			);
			productRefGroup = 18CCD522268B05AB0075C184 /* Products */;
			projectDirPath = "";
			projectRoot = "";
			targets = (
				18CCD520268B05AB0075C184 /* MovieSharing-iOS */,
				18CCD536268B05AB0075C184 /* MovieSharing-iOSTests */,
				18CCD541268B05AC0075C184 /* MovieSharing-iOSUITests */,
			);
		};
/* End PBXProject section */

/* Begin PBXResourcesBuildPhase section */
		18CCD51F268B05AB0075C184 /* Resources */ = {
			isa = PBXResourcesBuildPhase;
			buildActionMask = 2147483647;
			files = (
				18CCD531268B05AB0075C184 /* LaunchScreen.storyboard in Resources */,
				1870D0BC268D1901005D3BB6 /* MovieListViewCell.xib in Resources */,
				18CCD593268B08020075C184 /* Main.storyboard in Resources */,
				1819B63C268BCE5A001CFD14 /* MovieHeaderViewCell.xib in Resources */,
				18CCD52E268B05AB0075C184 /* Assets.xcassets in Resources */,
				181E64F7268C26F1002BC2DB /* ActivityViewController.xib in Resources */,
				181E64FF268C7B3C002BC2DB /* General.xcconfig in Resources */,
			);
			runOnlyForDeploymentPostprocessing = 0;
		};
		18CCD535268B05AB0075C184 /* Resources */ = {
			isa = PBXResourcesBuildPhase;
			buildActionMask = 2147483647;
			files = (
			);
			runOnlyForDeploymentPostprocessing = 0;
		};
		18CCD540268B05AC0075C184 /* Resources */ = {
			isa = PBXResourcesBuildPhase;
			buildActionMask = 2147483647;
			files = (
			);
			runOnlyForDeploymentPostprocessing = 0;
		};
/* End PBXResourcesBuildPhase section */

/* Begin PBXSourcesBuildPhase section */
		18CCD51D268B05AB0075C184 /* Sources */ = {
			isa = PBXSourcesBuildPhase;
			buildActionMask = 2147483647;
			files = (
				18CCD525268B05AB0075C184 /* AppDelegate.swift in Sources */,
				181E6500268C7B3C002BC2DB /* Environment.swift in Sources */,
				18CCD5A3268B12AF0075C184 /* MovieCollectionViewCell.swift in Sources */,
				18CCD5A5268B13A40075C184 /* UICollectionView.swift in Sources */,
				1819B638268B8120001CFD14 /* FavouritesViewController.swift in Sources */,
				18CCD599268B08020075C184 /* Schedular.swift in Sources */,
				18CCD592268B08020075C184 /* MoviesViewController.swift in Sources */,
				18CCD596268B08020075C184 /* APIClient.swift in Sources */,
				1870D0B8268D1783005D3BB6 /* LogManager.swift in Sources */,
				1870D09D268CDBE9005D3BB6 /* MovieDetailViewModelBuilder.swift in Sources */,
				18CCD590268B08020075C184 /* MoviesViewModel.swift in Sources */,
				1819B630268B8120001CFD14 /* FavouritesViewModel.swift in Sources */,
				1819B640268BD79A001CFD14 /* UIView.swift in Sources */,
				1870D099268CD791005D3BB6 /* MovieDetailsViewController.swift in Sources */,
				1870D0B0268CFBE4005D3BB6 /* MovieDetailsResponseModel.swift in Sources */,
				1870D0AE268CFBE4005D3BB6 /* DetailResponse.swift in Sources */,
				18CCD597268B08020075C184 /* NetworkResponse.swift in Sources */,
				18CCD5AB268B176E0075C184 /* MovieViewModelBuilder.swift in Sources */,
				1870D092268CD791005D3BB6 /* MovieDetailsViewModel.swift in Sources */,
				181E64F8268C26F1002BC2DB /* ActivityViewController.swift in Sources */,
				18CCD5B4268B22A50075C184 /* MovieTableViewCell.swift in Sources */,
				1870D06F268CC7CD005D3BB6 /* Array.swift in Sources */,
				18CCD5A8268B14390075C184 /* Reusable.swift in Sources */,
				18CCD591268B08020075C184 /* MoviesUseCase.swift in Sources */,
				181E6511268C8524002BC2DB /* MoviesResponseModel.swift in Sources */,
				18CCD598268B08020075C184 /* Request.swift in Sources */,
				18CCD527268B05AB0075C184 /* SceneDelegate.swift in Sources */,
				1819B63A268BC8EA001CFD14 /* MovieListViewCell.swift in Sources */,
				1819B614268B8098001CFD14 /* SettingsViewController.swift in Sources */,
				1870D0B6268D0E7F005D3BB6 /* DataManager.swift in Sources */,
				18CCD595268B08020075C184 /* Publisher.swift in Sources */,
				18CCD5A1268B11EC0075C184 /* MovieViewModel.swift in Sources */,
				18CCD5AF268B1A010075C184 /* Constants.swift in Sources */,
				1870D071268CCD6A005D3BB6 /* String.swift in Sources */,
				181E64FA268C2887002BC2DB /* UIViewController.swift in Sources */,
				18CCD5B6268B231E0075C184 /* UITableView.swift in Sources */,
				1870D091268CD791005D3BB6 /* MovieDetailViewModel.swift in Sources */,
				1819B63E268BCFC4001CFD14 /* MovieHeaderViewCell.swift in Sources */,
				181E650F268C8524002BC2DB /* Response.swift in Sources */,
			);
			runOnlyForDeploymentPostprocessing = 0;
		};
		18CCD533268B05AB0075C184 /* Sources */ = {
			isa = PBXSourcesBuildPhase;
			buildActionMask = 2147483647;
			files = (
				18CCD53C268B05AB0075C184 /* MovieSharing_iOSTests.swift in Sources */,
			);
			runOnlyForDeploymentPostprocessing = 0;
		};
		18CCD53E268B05AC0075C184 /* Sources */ = {
			isa = PBXSourcesBuildPhase;
			buildActionMask = 2147483647;
			files = (
				18CCD547268B05AC0075C184 /* MovieSharing_iOSUITests.swift in Sources */,
			);
			runOnlyForDeploymentPostprocessing = 0;
		};
/* End PBXSourcesBuildPhase section */

/* Begin PBXTargetDependency section */
		18CCD539268B05AB0075C184 /* PBXTargetDependency */ = {
			isa = PBXTargetDependency;
			target = 18CCD520268B05AB0075C184 /* MovieSharing-iOS */;
			targetProxy = 18CCD538268B05AB0075C184 /* PBXContainerItemProxy */;
		};
		18CCD544268B05AC0075C184 /* PBXTargetDependency */ = {
			isa = PBXTargetDependency;
			target = 18CCD520268B05AB0075C184 /* MovieSharing-iOS */;
			targetProxy = 18CCD543268B05AC0075C184 /* PBXContainerItemProxy */;
		};
/* End PBXTargetDependency section */

/* Begin PBXVariantGroup section */
		18CCD52F268B05AB0075C184 /* LaunchScreen.storyboard */ = {
			isa = PBXVariantGroup;
			children = (
				18CCD530268B05AB0075C184 /* Base */,
			);
			name = LaunchScreen.storyboard;
			sourceTree = "<group>";
		};
/* End PBXVariantGroup section */

/* Begin XCBuildConfiguration section */
		18CCD549268B05AC0075C184 /* Debug */ = {
			isa = XCBuildConfiguration;
			baseConfigurationReference = 181E64FD268C7B3C002BC2DB /* General.xcconfig */;
			buildSettings = {
				ALWAYS_SEARCH_USER_PATHS = NO;
				CLANG_ANALYZER_NONNULL = YES;
				CLANG_ANALYZER_NUMBER_OBJECT_CONVERSION = YES_AGGRESSIVE;
				CLANG_CXX_LANGUAGE_STANDARD = "gnu++14";
				CLANG_CXX_LIBRARY = "libc++";
				CLANG_ENABLE_MODULES = YES;
				CLANG_ENABLE_OBJC_ARC = YES;
				CLANG_ENABLE_OBJC_WEAK = YES;
				CLANG_WARN_BLOCK_CAPTURE_AUTORELEASING = YES;
				CLANG_WARN_BOOL_CONVERSION = YES;
				CLANG_WARN_COMMA = YES;
				CLANG_WARN_CONSTANT_CONVERSION = YES;
				CLANG_WARN_DEPRECATED_OBJC_IMPLEMENTATIONS = YES;
				CLANG_WARN_DIRECT_OBJC_ISA_USAGE = YES_ERROR;
				CLANG_WARN_DOCUMENTATION_COMMENTS = YES;
				CLANG_WARN_EMPTY_BODY = YES;
				CLANG_WARN_ENUM_CONVERSION = YES;
				CLANG_WARN_INFINITE_RECURSION = YES;
				CLANG_WARN_INT_CONVERSION = YES;
				CLANG_WARN_NON_LITERAL_NULL_CONVERSION = YES;
				CLANG_WARN_OBJC_IMPLICIT_RETAIN_SELF = YES;
				CLANG_WARN_OBJC_LITERAL_CONVERSION = YES;
				CLANG_WARN_OBJC_ROOT_CLASS = YES_ERROR;
				CLANG_WARN_QUOTED_INCLUDE_IN_FRAMEWORK_HEADER = YES;
				CLANG_WARN_RANGE_LOOP_ANALYSIS = YES;
				CLANG_WARN_STRICT_PROTOTYPES = YES;
				CLANG_WARN_SUSPICIOUS_MOVE = YES;
				CLANG_WARN_UNGUARDED_AVAILABILITY = YES_AGGRESSIVE;
				CLANG_WARN_UNREACHABLE_CODE = YES;
				CLANG_WARN__DUPLICATE_METHOD_MATCH = YES;
				COPY_PHASE_STRIP = NO;
				DEBUG_INFORMATION_FORMAT = dwarf;
				ENABLE_STRICT_OBJC_MSGSEND = YES;
				ENABLE_TESTABILITY = YES;
				GCC_C_LANGUAGE_STANDARD = gnu11;
				GCC_DYNAMIC_NO_PIC = NO;
				GCC_NO_COMMON_BLOCKS = YES;
				GCC_OPTIMIZATION_LEVEL = 0;
				GCC_PREPROCESSOR_DEFINITIONS = (
					"DEBUG=1",
					"$(inherited)",
				);
				GCC_WARN_64_TO_32_BIT_CONVERSION = YES;
				GCC_WARN_ABOUT_RETURN_TYPE = YES_ERROR;
				GCC_WARN_UNDECLARED_SELECTOR = YES;
				GCC_WARN_UNINITIALIZED_AUTOS = YES_AGGRESSIVE;
				GCC_WARN_UNUSED_FUNCTION = YES;
				GCC_WARN_UNUSED_VARIABLE = YES;
				IPHONEOS_DEPLOYMENT_TARGET = 14.5;
				MTL_ENABLE_DEBUG_INFO = INCLUDE_SOURCE;
				MTL_FAST_MATH = YES;
				ONLY_ACTIVE_ARCH = YES;
				SDKROOT = iphoneos;
				SWIFT_ACTIVE_COMPILATION_CONDITIONS = DEBUG;
				SWIFT_OPTIMIZATION_LEVEL = "-Onone";
			};
			name = Debug;
		};
		18CCD54A268B05AC0075C184 /* Release */ = {
			isa = XCBuildConfiguration;
			baseConfigurationReference = 181E64FD268C7B3C002BC2DB /* General.xcconfig */;
			buildSettings = {
				ALWAYS_SEARCH_USER_PATHS = NO;
				CLANG_ANALYZER_NONNULL = YES;
				CLANG_ANALYZER_NUMBER_OBJECT_CONVERSION = YES_AGGRESSIVE;
				CLANG_CXX_LANGUAGE_STANDARD = "gnu++14";
				CLANG_CXX_LIBRARY = "libc++";
				CLANG_ENABLE_MODULES = YES;
				CLANG_ENABLE_OBJC_ARC = YES;
				CLANG_ENABLE_OBJC_WEAK = YES;
				CLANG_WARN_BLOCK_CAPTURE_AUTORELEASING = YES;
				CLANG_WARN_BOOL_CONVERSION = YES;
				CLANG_WARN_COMMA = YES;
				CLANG_WARN_CONSTANT_CONVERSION = YES;
				CLANG_WARN_DEPRECATED_OBJC_IMPLEMENTATIONS = YES;
				CLANG_WARN_DIRECT_OBJC_ISA_USAGE = YES_ERROR;
				CLANG_WARN_DOCUMENTATION_COMMENTS = YES;
				CLANG_WARN_EMPTY_BODY = YES;
				CLANG_WARN_ENUM_CONVERSION = YES;
				CLANG_WARN_INFINITE_RECURSION = YES;
				CLANG_WARN_INT_CONVERSION = YES;
				CLANG_WARN_NON_LITERAL_NULL_CONVERSION = YES;
				CLANG_WARN_OBJC_IMPLICIT_RETAIN_SELF = YES;
				CLANG_WARN_OBJC_LITERAL_CONVERSION = YES;
				CLANG_WARN_OBJC_ROOT_CLASS = YES_ERROR;
				CLANG_WARN_QUOTED_INCLUDE_IN_FRAMEWORK_HEADER = YES;
				CLANG_WARN_RANGE_LOOP_ANALYSIS = YES;
				CLANG_WARN_STRICT_PROTOTYPES = YES;
				CLANG_WARN_SUSPICIOUS_MOVE = YES;
				CLANG_WARN_UNGUARDED_AVAILABILITY = YES_AGGRESSIVE;
				CLANG_WARN_UNREACHABLE_CODE = YES;
				CLANG_WARN__DUPLICATE_METHOD_MATCH = YES;
				COPY_PHASE_STRIP = NO;
				DEBUG_INFORMATION_FORMAT = "dwarf-with-dsym";
				ENABLE_NS_ASSERTIONS = NO;
				ENABLE_STRICT_OBJC_MSGSEND = YES;
				GCC_C_LANGUAGE_STANDARD = gnu11;
				GCC_NO_COMMON_BLOCKS = YES;
				GCC_WARN_64_TO_32_BIT_CONVERSION = YES;
				GCC_WARN_ABOUT_RETURN_TYPE = YES_ERROR;
				GCC_WARN_UNDECLARED_SELECTOR = YES;
				GCC_WARN_UNINITIALIZED_AUTOS = YES_AGGRESSIVE;
				GCC_WARN_UNUSED_FUNCTION = YES;
				GCC_WARN_UNUSED_VARIABLE = YES;
				IPHONEOS_DEPLOYMENT_TARGET = 14.5;
				MTL_ENABLE_DEBUG_INFO = NO;
				MTL_FAST_MATH = YES;
				SDKROOT = iphoneos;
				SWIFT_COMPILATION_MODE = wholemodule;
				SWIFT_OPTIMIZATION_LEVEL = "-O";
				VALIDATE_PRODUCT = YES;
			};
			name = Release;
		};
		18CCD54C268B05AC0075C184 /* Debug */ = {
			isa = XCBuildConfiguration;
			baseConfigurationReference = 181E64FD268C7B3C002BC2DB /* General.xcconfig */;
			buildSettings = {
				ASSETCATALOG_COMPILER_APPICON_NAME = AppIcon;
				ASSETCATALOG_COMPILER_GLOBAL_ACCENT_COLOR_NAME = AccentColor;
				CODE_SIGN_STYLE = Automatic;
				INFOPLIST_FILE = "MovieSharing-iOS/Resources/Info.plist";
				LD_RUNPATH_SEARCH_PATHS = (
					"$(inherited)",
					"@executable_path/Frameworks",
				);
				PRODUCT_BUNDLE_IDENTIFIER = "com.moviessharing.MovieSharing-iOS";
				PRODUCT_NAME = "$(TARGET_NAME)";
				SWIFT_VERSION = 5.0;
				TARGETED_DEVICE_FAMILY = "1,2";
			};
			name = Debug;
		};
		18CCD54D268B05AC0075C184 /* Release */ = {
			isa = XCBuildConfiguration;
			baseConfigurationReference = 181E64FD268C7B3C002BC2DB /* General.xcconfig */;
			buildSettings = {
				ASSETCATALOG_COMPILER_APPICON_NAME = AppIcon;
				ASSETCATALOG_COMPILER_GLOBAL_ACCENT_COLOR_NAME = AccentColor;
				CODE_SIGN_STYLE = Automatic;
				INFOPLIST_FILE = "MovieSharing-iOS/Resources/Info.plist";
				LD_RUNPATH_SEARCH_PATHS = (
					"$(inherited)",
					"@executable_path/Frameworks",
				);
				PRODUCT_BUNDLE_IDENTIFIER = "com.moviessharing.MovieSharing-iOS";
				PRODUCT_NAME = "$(TARGET_NAME)";
				SWIFT_VERSION = 5.0;
				TARGETED_DEVICE_FAMILY = "1,2";
			};
			name = Release;
		};
		18CCD54F268B05AC0075C184 /* Debug */ = {
			isa = XCBuildConfiguration;
			baseConfigurationReference = 181E64FD268C7B3C002BC2DB /* General.xcconfig */;
			buildSettings = {
				ALWAYS_EMBED_SWIFT_STANDARD_LIBRARIES = YES;
				BUNDLE_LOADER = "$(TEST_HOST)";
				CODE_SIGN_STYLE = Automatic;
				INFOPLIST_FILE = "MovieSharing-iOSTests/Info.plist";
				IPHONEOS_DEPLOYMENT_TARGET = 14.5;
				LD_RUNPATH_SEARCH_PATHS = (
					"$(inherited)",
					"@executable_path/Frameworks",
					"@loader_path/Frameworks",
				);
				PRODUCT_BUNDLE_IDENTIFIER = "com.moviessharing.MovieSharing-iOSTests";
				PRODUCT_NAME = "$(TARGET_NAME)";
				SWIFT_VERSION = 5.0;
				TARGETED_DEVICE_FAMILY = "1,2";
				TEST_HOST = "$(BUILT_PRODUCTS_DIR)/MovieSharing-iOS.app/MovieSharing-iOS";
			};
			name = Debug;
		};
		18CCD550268B05AC0075C184 /* Release */ = {
			isa = XCBuildConfiguration;
			baseConfigurationReference = 181E64FD268C7B3C002BC2DB /* General.xcconfig */;
			buildSettings = {
				ALWAYS_EMBED_SWIFT_STANDARD_LIBRARIES = YES;
				BUNDLE_LOADER = "$(TEST_HOST)";
				CODE_SIGN_STYLE = Automatic;
				INFOPLIST_FILE = "MovieSharing-iOSTests/Info.plist";
				IPHONEOS_DEPLOYMENT_TARGET = 14.5;
				LD_RUNPATH_SEARCH_PATHS = (
					"$(inherited)",
					"@executable_path/Frameworks",
					"@loader_path/Frameworks",
				);
				PRODUCT_BUNDLE_IDENTIFIER = "com.moviessharing.MovieSharing-iOSTests";
				PRODUCT_NAME = "$(TARGET_NAME)";
				SWIFT_VERSION = 5.0;
				TARGETED_DEVICE_FAMILY = "1,2";
				TEST_HOST = "$(BUILT_PRODUCTS_DIR)/MovieSharing-iOS.app/MovieSharing-iOS";
			};
			name = Release;
		};
		18CCD552268B05AC0075C184 /* Debug */ = {
			isa = XCBuildConfiguration;
			baseConfigurationReference = 181E64FD268C7B3C002BC2DB /* General.xcconfig */;
			buildSettings = {
				ALWAYS_EMBED_SWIFT_STANDARD_LIBRARIES = YES;
				CODE_SIGN_STYLE = Automatic;
				INFOPLIST_FILE = "MovieSharing-iOSUITests/Info.plist";
				LD_RUNPATH_SEARCH_PATHS = (
					"$(inherited)",
					"@executable_path/Frameworks",
					"@loader_path/Frameworks",
				);
				PRODUCT_BUNDLE_IDENTIFIER = "com.moviessharing.MovieSharing-iOSUITests";
				PRODUCT_NAME = "$(TARGET_NAME)";
				SWIFT_VERSION = 5.0;
				TARGETED_DEVICE_FAMILY = "1,2";
				TEST_TARGET_NAME = "MovieSharing-iOS";
			};
			name = Debug;
		};
		18CCD553268B05AC0075C184 /* Release */ = {
			isa = XCBuildConfiguration;
			baseConfigurationReference = 181E64FD268C7B3C002BC2DB /* General.xcconfig */;
			buildSettings = {
				ALWAYS_EMBED_SWIFT_STANDARD_LIBRARIES = YES;
				CODE_SIGN_STYLE = Automatic;
				INFOPLIST_FILE = "MovieSharing-iOSUITests/Info.plist";
				LD_RUNPATH_SEARCH_PATHS = (
					"$(inherited)",
					"@executable_path/Frameworks",
					"@loader_path/Frameworks",
				);
				PRODUCT_BUNDLE_IDENTIFIER = "com.moviessharing.MovieSharing-iOSUITests";
				PRODUCT_NAME = "$(TARGET_NAME)";
				SWIFT_VERSION = 5.0;
				TARGETED_DEVICE_FAMILY = "1,2";
				TEST_TARGET_NAME = "MovieSharing-iOS";
			};
			name = Release;
		};
/* End XCBuildConfiguration section */

/* Begin XCConfigurationList section */
		18CCD51C268B05AB0075C184 /* Build configuration list for PBXProject "MovieSharing-iOS" */ = {
			isa = XCConfigurationList;
			buildConfigurations = (
				18CCD549268B05AC0075C184 /* Debug */,
				18CCD54A268B05AC0075C184 /* Release */,
			);
			defaultConfigurationIsVisible = 0;
			defaultConfigurationName = Release;
		};
		18CCD54B268B05AC0075C184 /* Build configuration list for PBXNativeTarget "MovieSharing-iOS" */ = {
			isa = XCConfigurationList;
			buildConfigurations = (
				18CCD54C268B05AC0075C184 /* Debug */,
				18CCD54D268B05AC0075C184 /* Release */,
			);
			defaultConfigurationIsVisible = 0;
			defaultConfigurationName = Release;
		};
		18CCD54E268B05AC0075C184 /* Build configuration list for PBXNativeTarget "MovieSharing-iOSTests" */ = {
			isa = XCConfigurationList;
			buildConfigurations = (
				18CCD54F268B05AC0075C184 /* Debug */,
				18CCD550268B05AC0075C184 /* Release */,
			);
			defaultConfigurationIsVisible = 0;
			defaultConfigurationName = Release;
		};
		18CCD551268B05AC0075C184 /* Build configuration list for PBXNativeTarget "MovieSharing-iOSUITests" */ = {
			isa = XCConfigurationList;
			buildConfigurations = (
				18CCD552268B05AC0075C184 /* Debug */,
				18CCD553268B05AC0075C184 /* Release */,
			);
			defaultConfigurationIsVisible = 0;
			defaultConfigurationName = Release;
		};
/* End XCConfigurationList section */

/* Begin XCRemoteSwiftPackageReference section */
		1870D072268CD037005D3BB6 /* XCRemoteSwiftPackageReference "Kingfisher" */ = {
			isa = XCRemoteSwiftPackageReference;
			repositoryURL = "https://github.com/onevcat/Kingfisher.git";
			requirement = {
				kind = upToNextMajorVersion;
				minimumVersion = 6.3.0;
			};
		};
		1870D0BD268D4E9E005D3BB6 /* XCRemoteSwiftPackageReference "Cosmos" */ = {
			isa = XCRemoteSwiftPackageReference;
			repositoryURL = "https://github.com/evgenyneu/Cosmos.git";
			requirement = {
				kind = upToNextMajorVersion;
				minimumVersion = 23.0.0;
			};
		};
/* End XCRemoteSwiftPackageReference section */

/* Begin XCSwiftPackageProductDependency section */
		1870D073268CD037005D3BB6 /* Kingfisher */ = {
			isa = XCSwiftPackageProductDependency;
			package = 1870D072268CD037005D3BB6 /* XCRemoteSwiftPackageReference "Kingfisher" */;
			productName = Kingfisher;
		};
		1870D0BE268D4E9E005D3BB6 /* Cosmos */ = {
			isa = XCSwiftPackageProductDependency;
			package = 1870D0BD268D4E9E005D3BB6 /* XCRemoteSwiftPackageReference "Cosmos" */;
			productName = Cosmos;
		};
/* End XCSwiftPackageProductDependency section */
	};
	rootObject = 18CCD519268B05AB0075C184 /* Project object */;
}
